
Microsoft Visual Studio Solution File, Format Version 12.00
# Visual Studio Version 17
VisualStudioVersion = 17.2.32519.379
MinimumVisualStudioVersion = 10.0.40219.1
Project("{FAE04EC0-301F-11D3-BF4B-00C04F79EFBC}") = "SIV", "SIV.csproj", "{C9E32A90-DEEE-4423-BA4F-B1BB17A7D894}"
EndProject
Global
	GlobalSection(SolutionConfigurationPlatforms) = preSolution
		Debug|Any CPU = Debug|Any CPU
		Release|Any CPU = Release|Any CPU
	EndGlobalSection
	GlobalSection(ProjectConfigurationPlatforms) = postSolution
		{C9E32A90-DEEE-4423-BA4F-B1BB17A7D894}.Debug|Any CPU.ActiveCfg = Debug|Any CPU
		{C9E32A90-DEEE-4423-BA4F-B1BB17A7D894}.Debug|Any CPU.Build.0 = Debug|Any CPU
		{C9E32A90-DEEE-4423-BA4F-B1BB17A7D894}.Release|Any CPU.ActiveCfg = Release|Any CPU
		{C9E32A90-DEEE-4423-BA4F-B1BB17A7D894}.Release|Any CPU.Build.0 = Release|Any CPU
	EndGlobalSection
	GlobalSection(SolutionProperties) = preSolution
		HideSolutionNode = FALSE
	EndGlobalSection
	GlobalSection(ExtensibilityGlobals) = postSolution
		SolutionGuid = {3832E1AA-9AB5-43E0-8AFB-FBCC056B5CA6}
	EndGlobalSection
EndGlobal
